
Microsoft Visual Studio Solution File, Format Version 12.00
# Visual Studio Version 17
VisualStudioVersion = 17.0.31919.166
MinimumVisualStudioVersion = 10.0.40219.1
Project("{FAE04EC0-301F-11D3-BF4B-00C04F79EFBC}") = "SBM.API", "SBM.API\SBM.API.csproj", "{B2B599A3-9C0E-4F16-B2AB-AFEB6EC49561}"
EndProject
Project("{FAE04EC0-301F-11D3-BF4B-00C04F79EFBC}") = "SBM.Core", "SBM.Core\SBM.Core.csproj", "{A43D5060-FA76-4043-8E88-3E674E7A4CC6}"
EndProject
Project("{FAE04EC0-301F-11D3-BF4B-00C04F79EFBC}") = "SBM.Repository", "SBM.Repository\SBM.Repository.csproj", "{A12F5118-E26D-4A47-85B0-0148AF53897B}"
EndProject
Project("{FAE04EC0-301F-11D3-BF4B-00C04F79EFBC}") = "SBM.Services", "SBM.Services\SBM.Services.csproj", "{AA9B5C63-92FE-4DBE-8DB7-CAA156F8EC75}"
EndProject
Global
	GlobalSection(SolutionConfigurationPlatforms) = preSolution
		Debug|Any CPU = Debug|Any CPU
		Release|Any CPU = Release|Any CPU
	EndGlobalSection
	GlobalSection(ProjectConfigurationPlatforms) = postSolution
		{B2B599A3-9C0E-4F16-B2AB-AFEB6EC49561}.Debug|Any CPU.ActiveCfg = Debug|Any CPU
		{B2B599A3-9C0E-4F16-B2AB-AFEB6EC49561}.Debug|Any CPU.Build.0 = Debug|Any CPU
		{B2B599A3-9C0E-4F16-B2AB-AFEB6EC49561}.Release|Any CPU.ActiveCfg = Release|Any CPU
		{B2B599A3-9C0E-4F16-B2AB-AFEB6EC49561}.Release|Any CPU.Build.0 = Release|Any CPU
		{A43D5060-FA76-4043-8E88-3E674E7A4CC6}.Debug|Any CPU.ActiveCfg = Debug|Any CPU
		{A43D5060-FA76-4043-8E88-3E674E7A4CC6}.Debug|Any CPU.Build.0 = Debug|Any CPU
		{A43D5060-FA76-4043-8E88-3E674E7A4CC6}.Release|Any CPU.ActiveCfg = Release|Any CPU
		{A43D5060-FA76-4043-8E88-3E674E7A4CC6}.Release|Any CPU.Build.0 = Release|Any CPU
		{A12F5118-E26D-4A47-85B0-0148AF53897B}.Debug|Any CPU.ActiveCfg = Debug|Any CPU
		{A12F5118-E26D-4A47-85B0-0148AF53897B}.Debug|Any CPU.Build.0 = Debug|Any CPU
		{A12F5118-E26D-4A47-85B0-0148AF53897B}.Release|Any CPU.ActiveCfg = Release|Any CPU
		{A12F5118-E26D-4A47-85B0-0148AF53897B}.Release|Any CPU.Build.0 = Release|Any CPU
		{AA9B5C63-92FE-4DBE-8DB7-CAA156F8EC75}.Debug|Any CPU.ActiveCfg = Debug|Any CPU
		{AA9B5C63-92FE-4DBE-8DB7-CAA156F8EC75}.Debug|Any CPU.Build.0 = Debug|Any CPU
		{AA9B5C63-92FE-4DBE-8DB7-CAA156F8EC75}.Release|Any CPU.ActiveCfg = Release|Any CPU
		{AA9B5C63-92FE-4DBE-8DB7-CAA156F8EC75}.Release|Any CPU.Build.0 = Release|Any CPU
	EndGlobalSection
	GlobalSection(SolutionProperties) = preSolution
		HideSolutionNode = FALSE
	EndGlobalSection
	GlobalSection(ExtensibilityGlobals) = postSolution
		SolutionGuid = {0DAF5CF8-A291-4CE4-A00C-EC5D2ED1447C}
	EndGlobalSection
EndGlobal
